{
  "originHash" : "a794a34c3591a597a2fc8e8f981701bf2f8c4502501ba21dfdf95cd87e998e7c",
  "pins" : [
    {
      "identity" : "alamofire",
      "kind" : "remoteSourceControl",
      "location" : "https://github.com/Alamofire/Alamofire.git",
      "state" : {
        "revision" : "513364f870f6bfc468f9d2ff0a95caccc10044c5",
        "version" : "5.10.2"
      }
    },
    {
      "identity" : "gifimage",
      "kind" : "remoteSourceControl",
      "location" : "https://github.com/igorcferreira/GIFImage",
      "state" : {
        "revision" : "a49be72485fa4cf6ddf9da3a8b6b4efd3f8e97f8",
        "version" : "1.1.2"
      }
    },
    {
      "identity" : "moya",
      "kind" : "remoteSourceControl",
      "location" : "https://github.com/Moya/Moya",
      "state" : {
        "revision" : "c263811c1f3dbf002be9bd83107f7cdc38992b26",
        "version" : "15.0.3"
      }
    },
    {
      "identity" : "reactiveswift",
      "kind" : "remoteSourceControl",
      "location" : "https://github.com/ReactiveCocoa/ReactiveSwift.git",
      "state" : {
        "revision" : "c43bae3dac73fdd3cb906bd5a1914686ca71ed3c",
        "version" : "6.7.0"
      }
    },
    {
      "identity" : "rxswift",
      "kind" : "remoteSourceControl",
      "location" : "https://github.com/ReactiveX/RxSwift.git",
      "state" : {
        "revision" : "c7c7d2cf50a3211fe2843f76869c698e4e417930",
        "version" : "6.8.0"
      }
    },
    {
      "identity" : "ssswiftuigifview",
      "kind" : "remoteSourceControl",
      "location" : "https://github.com/SimformSolutionsPvtLtd/SSSwiftUIGIFView",
      "state" : {
        "revision" : "bd16555ae068ec4c01f9bdb913526caa08eb30b1",
        "version" : "2.0.0"
      }
    }
  ],
  "version" : 3
}
